
Microsoft Visual Studio Solution File, Format Version 12.00
# Visual Studio Version 16
VisualStudioVersion = 16.0.32901.82
MinimumVisualStudioVersion = 10.0.40219.1
Project("{9A19103F-16F7-4668-BE54-9A1E7A4F7556}") = "SplitAdmin", "SplitAdmin\SplitAdmin.csproj", "{D5A8F65F-75D8-44BC-A8A7-42CB04A21AE6}"
EndProject
Project("{9A19103F-16F7-4668-BE54-9A1E7A4F7556}") = "SplitAdminTests", "SplitAdminTests\SplitAdminTests.csproj", "{7F38EEE5-6991-422A-B962-456267E2F398}"
EndProject
Global
	GlobalSection(SolutionConfigurationPlatforms) = preSolution
		Debug|Any CPU = Debug|Any CPU
		Release|Any CPU = Release|Any CPU
	EndGlobalSection
	GlobalSection(ProjectConfigurationPlatforms) = postSolution
		{D5A8F65F-75D8-44BC-A8A7-42CB04A21AE6}.Debug|Any CPU.ActiveCfg = Debug|Any CPU
		{D5A8F65F-75D8-44BC-A8A7-42CB04A21AE6}.Debug|Any CPU.Build.0 = Debug|Any CPU
		{D5A8F65F-75D8-44BC-A8A7-42CB04A21AE6}.Release|Any CPU.ActiveCfg = Release|Any CPU
		{D5A8F65F-75D8-44BC-A8A7-42CB04A21AE6}.Release|Any CPU.Build.0 = Release|Any CPU
		{7F38EEE5-6991-422A-B962-456267E2F398}.Debug|Any CPU.ActiveCfg = Debug|Any CPU
		{7F38EEE5-6991-422A-B962-456267E2F398}.Debug|Any CPU.Build.0 = Debug|Any CPU
		{7F38EEE5-6991-422A-B962-456267E2F398}.Release|Any CPU.ActiveCfg = Release|Any CPU
		{7F38EEE5-6991-422A-B962-456267E2F398}.Release|Any CPU.Build.0 = Release|Any CPU
	EndGlobalSection
	GlobalSection(SolutionProperties) = preSolution
		HideSolutionNode = FALSE
	EndGlobalSection
	GlobalSection(ExtensibilityGlobals) = postSolution
		SolutionGuid = {677E755E-8D9E-4AB6-A4F8-AFB7E608F2F6}
	EndGlobalSection
EndGlobal
